// !$*UTF8*$!
{
	archiveVersion = 1;
	classes = {
	};
	objectVersion = 56;
	objects = {

/* Begin PBXBuildFile section */
		CC0000000000000000000001 /* AppDelegate.swift in Sources */ = {isa = PBXBuildFile; fileRef = BB0000000000000000000001 /* AppDelegate.swift */; };
		CC0000000000000000000002 /* MainWindowController.swift in Sources */ = {isa = PBXBuildFile; fileRef = BB0000000000000000000002 /* MainWindowController.swift */; };
		CC0000000000000000000003 /* FilePaneViewController.swift in Sources */ = {isa = PBXBuildFile; fileRef = BB0000000000000000000003 /* FilePaneViewController.swift */; };
		CC0000000000000000000004 /* FileTableView.swift in Sources */ = {isa = PBXBuildFile; fileRef = BB0000000000000000000004 /* FileTableView.swift */; };
		CC0000000000000000000005 /* StatusBarView.swift in Sources */ = {isa = PBXBuildFile; fileRef = BB0000000000000000000005 /* StatusBarView.swift */; };
		CC0000000000000000000006 /* FilePaneViewModel.swift in Sources */ = {isa = PBXBuildFile; fileRef = BB0000000000000000000006 /* FilePaneViewModel.swift */; };
		CC0000000000000000000007 /* FileSystemService.swift in Sources */ = {isa = PBXBuildFile; fileRef = BB0000000000000000000007 /* FileSystemService.swift */; };
		CC0000000000000000000008 /* FileItem.swift in Sources */ = {isa = PBXBuildFile; fileRef = BB0000000000000000000008 /* FileItem.swift */; };
		CC0000000000000000000009 /* DirectoryContents.swift in Sources */ = {isa = PBXBuildFile; fileRef = BB0000000000000000000009 /* DirectoryContents.swift */; };
		CC000000000000000000000A /* PaneState.swift in Sources */ = {isa = PBXBuildFile; fileRef = BB000000000000000000000A /* PaneState.swift */; };
		CC000000000000000000000B /* NavigationHistory.swift in Sources */ = {isa = PBXBuildFile; fileRef = BB000000000000000000000B /* NavigationHistory.swift */; };
		CC000000000000000000000C /* URL+Extensions.swift in Sources */ = {isa = PBXBuildFile; fileRef = BB000000000000000000000C /* URL+Extensions.swift */; };
		CC000000000000000000000D /* SecurityScopedBookmarkService.swift in Sources */ = {isa = PBXBuildFile; fileRef = BB0000000000000000000010 /* SecurityScopedBookmarkService.swift */; };
/* End PBXBuildFile section */

/* Begin PBXFileReference section */
		BB0000000000000000000001 /* AppDelegate.swift */ = {isa = PBXFileReference; lastKnownFileType = sourcecode.swift; path = AppDelegate.swift; sourceTree = "<group>"; };
		BB0000000000000000000002 /* MainWindowController.swift */ = {isa = PBXFileReference; lastKnownFileType = sourcecode.swift; path = MainWindowController.swift; sourceTree = "<group>"; };
		BB0000000000000000000003 /* FilePaneViewController.swift */ = {isa = PBXFileReference; lastKnownFileType = sourcecode.swift; path = FilePaneViewController.swift; sourceTree = "<group>"; };
		BB0000000000000000000004 /* FileTableView.swift */ = {isa = PBXFileReference; lastKnownFileType = sourcecode.swift; path = FileTableView.swift; sourceTree = "<group>"; };
		BB0000000000000000000005 /* StatusBarView.swift */ = {isa = PBXFileReference; lastKnownFileType = sourcecode.swift; path = StatusBarView.swift; sourceTree = "<group>"; };
		BB0000000000000000000006 /* FilePaneViewModel.swift */ = {isa = PBXFileReference; lastKnownFileType = sourcecode.swift; path = FilePaneViewModel.swift; sourceTree = "<group>"; };
		BB0000000000000000000007 /* FileSystemService.swift */ = {isa = PBXFileReference; lastKnownFileType = sourcecode.swift; path = FileSystemService.swift; sourceTree = "<group>"; };
		BB0000000000000000000008 /* FileItem.swift */ = {isa = PBXFileReference; lastKnownFileType = sourcecode.swift; path = FileItem.swift; sourceTree = "<group>"; };
		BB0000000000000000000009 /* DirectoryContents.swift */ = {isa = PBXFileReference; lastKnownFileType = sourcecode.swift; path = DirectoryContents.swift; sourceTree = "<group>"; };
		BB000000000000000000000A /* PaneState.swift */ = {isa = PBXFileReference; lastKnownFileType = sourcecode.swift; path = PaneState.swift; sourceTree = "<group>"; };
		BB000000000000000000000B /* NavigationHistory.swift */ = {isa = PBXFileReference; lastKnownFileType = sourcecode.swift; path = NavigationHistory.swift; sourceTree = "<group>"; };
		BB000000000000000000000C /* URL+Extensions.swift */ = {isa = PBXFileReference; lastKnownFileType = sourcecode.swift; path = "URL+Extensions.swift"; sourceTree = "<group>"; };
		BB000000000000000000000D /* Info.plist */ = {isa = PBXFileReference; lastKnownFileType = text.plist.xml; path = Info.plist; sourceTree = "<group>"; };
		BB000000000000000000000E /* starfiler.entitlements */ = {isa = PBXFileReference; lastKnownFileType = text.plist.entitlements; path = starfiler.entitlements; sourceTree = "<group>"; };
		BB000000000000000000000F /* starfiler.app */ = {isa = PBXFileReference; explicitFileType = wrapper.application; path = starfiler.app; sourceTree = BUILT_PRODUCTS_DIR; };
		BB0000000000000000000010 /* SecurityScopedBookmarkService.swift */ = {isa = PBXFileReference; lastKnownFileType = sourcecode.swift; path = SecurityScopedBookmarkService.swift; sourceTree = "<group>"; };
/* End PBXFileReference section */

/* Begin PBXFrameworksBuildPhase section */
		AA0000000000000000000012 /* Frameworks */ = {
			isa = PBXFrameworksBuildPhase;
			buildActionMask = 2147483647;
			files = (
			);
			runOnlyForDeploymentPostprocessing = 0;
		};
/* End PBXFrameworksBuildPhase section */

/* Begin PBXGroup section */
		AA0000000000000000000001 = {
			isa = PBXGroup;
			children = (
				AA0000000000000000000002 /* starfiler */,
				AA0000000000000000000003 /* Products */,
			);
			sourceTree = "<group>";
		};
		AA0000000000000000000002 /* starfiler */ = {
			isa = PBXGroup;
			children = (
				AA0000000000000000000004 /* App */,
				AA0000000000000000000005 /* Windows */,
				AA0000000000000000000006 /* Views */,
				AA0000000000000000000009 /* ViewModels */,
				AA000000000000000000000A /* Services */,
				AA000000000000000000000B /* Models */,
				AA000000000000000000000C /* Extensions */,
				BB000000000000000000000E /* starfiler.entitlements */,
			);
			path = starfiler;
			sourceTree = "<group>";
		};
		AA0000000000000000000003 /* Products */ = {
			isa = PBXGroup;
			children = (
				BB000000000000000000000F /* starfiler.app */,
			);
			name = Products;
			sourceTree = "<group>";
		};
		AA0000000000000000000004 /* App */ = {
			isa = PBXGroup;
			children = (
				BB0000000000000000000001 /* AppDelegate.swift */,
				BB000000000000000000000D /* Info.plist */,
			);
			path = App;
			sourceTree = "<group>";
		};
		AA0000000000000000000005 /* Windows */ = {
			isa = PBXGroup;
			children = (
				BB0000000000000000000002 /* MainWindowController.swift */,
			);
			path = Windows;
			sourceTree = "<group>";
		};
		AA0000000000000000000006 /* Views */ = {
			isa = PBXGroup;
			children = (
				AA0000000000000000000007 /* Pane */,
				AA0000000000000000000008 /* StatusBar */,
			);
			path = Views;
			sourceTree = "<group>";
		};
		AA0000000000000000000007 /* Pane */ = {
			isa = PBXGroup;
			children = (
				BB0000000000000000000003 /* FilePaneViewController.swift */,
				BB0000000000000000000004 /* FileTableView.swift */,
			);
			path = Pane;
			sourceTree = "<group>";
		};
		AA0000000000000000000008 /* StatusBar */ = {
			isa = PBXGroup;
			children = (
				BB0000000000000000000005 /* StatusBarView.swift */,
			);
			path = StatusBar;
			sourceTree = "<group>";
		};
		AA0000000000000000000009 /* ViewModels */ = {
			isa = PBXGroup;
			children = (
				BB0000000000000000000006 /* FilePaneViewModel.swift */,
			);
			path = ViewModels;
			sourceTree = "<group>";
		};
		AA000000000000000000000A /* Services */ = {
			isa = PBXGroup;
			children = (
				BB0000000000000000000007 /* FileSystemService.swift */,
				BB0000000000000000000010 /* SecurityScopedBookmarkService.swift */,
			);
			path = Services;
			sourceTree = "<group>";
		};
		AA000000000000000000000B /* Models */ = {
			isa = PBXGroup;
			children = (
				BB0000000000000000000008 /* FileItem.swift */,
				BB0000000000000000000009 /* DirectoryContents.swift */,
				BB000000000000000000000A /* PaneState.swift */,
				BB000000000000000000000B /* NavigationHistory.swift */,
			);
			path = Models;
			sourceTree = "<group>";
		};
		AA000000000000000000000C /* Extensions */ = {
			isa = PBXGroup;
			children = (
				BB000000000000000000000C /* URL+Extensions.swift */,
			);
			path = Extensions;
			sourceTree = "<group>";
		};
/* End PBXGroup section */

/* Begin PBXNativeTarget section */
		AA0000000000000000000010 /* starfiler */ = {
			isa = PBXNativeTarget;
			buildConfigurationList = AA0000000000000000000015 /* Build configuration list for PBXNativeTarget "starfiler" */;
			buildPhases = (
				AA0000000000000000000011 /* Sources */,
				AA0000000000000000000012 /* Frameworks */,
				AA0000000000000000000013 /* Resources */,
			);
			buildRules = (
			);
			dependencies = (
			);
			name = starfiler;
			productName = starfiler;
			productReference = BB000000000000000000000F /* starfiler.app */;
			productType = "com.apple.product-type.application";
		};
/* End PBXNativeTarget section */

/* Begin PBXProject section */
		AA0000000000000000000000 /* Project object */ = {
			isa = PBXProject;
			attributes = {
				BuildIndependentTargetsInParallel = 1;
				LastSwiftUpdateCheck = 1600;
				LastUpgradeCheck = 1600;
				TargetAttributes = {
					AA0000000000000000000010 = {
						CreatedOnToolsVersion = 16.0;
					};
				};
			};
			buildConfigurationList = AA0000000000000000000014 /* Build configuration list for PBXProject "starfiler" */;
			compatibilityVersion = "Xcode 15.0";
			developmentRegion = en;
			hasScannedForEncodings = 0;
			knownRegions = (
				en,
				Base,
			);
			mainGroup = AA0000000000000000000001;
			productRefGroup = AA0000000000000000000003 /* Products */;
			projectDirPath = "";
			projectRoot = "";
			targets = (
				AA0000000000000000000010 /* starfiler */,
			);
		};
/* End PBXProject section */

/* Begin PBXResourcesBuildPhase section */
		AA0000000000000000000013 /* Resources */ = {
			isa = PBXResourcesBuildPhase;
			buildActionMask = 2147483647;
			files = (
			);
			runOnlyForDeploymentPostprocessing = 0;
		};
/* End PBXResourcesBuildPhase section */

/* Begin PBXSourcesBuildPhase section */
		AA0000000000000000000011 /* Sources */ = {
			isa = PBXSourcesBuildPhase;
			buildActionMask = 2147483647;
			files = (
				CC0000000000000000000001 /* AppDelegate.swift in Sources */,
				CC0000000000000000000002 /* MainWindowController.swift in Sources */,
				CC0000000000000000000003 /* FilePaneViewController.swift in Sources */,
				CC0000000000000000000004 /* FileTableView.swift in Sources */,
				CC0000000000000000000005 /* StatusBarView.swift in Sources */,
				CC0000000000000000000006 /* FilePaneViewModel.swift in Sources */,
				CC0000000000000000000007 /* FileSystemService.swift in Sources */,
				CC0000000000000000000008 /* FileItem.swift in Sources */,
				CC0000000000000000000009 /* DirectoryContents.swift in Sources */,
				CC000000000000000000000A /* PaneState.swift in Sources */,
				CC000000000000000000000B /* NavigationHistory.swift in Sources */,
				CC000000000000000000000C /* URL+Extensions.swift in Sources */,
				CC000000000000000000000D /* SecurityScopedBookmarkService.swift in Sources */,
			);
			runOnlyForDeploymentPostprocessing = 0;
		};
/* End PBXSourcesBuildPhase section */

/* Begin XCBuildConfiguration section */
		AA0000000000000000000016 /* Debug */ = {
			isa = XCBuildConfiguration;
			buildSettings = {
				CLANG_ANALYZER_NONNULL = YES;
				CLANG_ANALYZER_NUMBER_OBJECT_CONVERSION = YES_AGGRESSIVE;
				CLANG_CXX_LANGUAGE_STANDARD = "gnu++20";
				CLANG_ENABLE_MODULES = YES;
				CLANG_ENABLE_OBJC_ARC = YES;
				CLANG_WARN_BOOL_CONVERSION = YES;
				CLANG_WARN_CONSTANT_CONVERSION = YES;
				CLANG_WARN_DEPRECATED_OBJC_IMPLEMENTATIONS = YES;
				CLANG_WARN_DIRECT_OBJC_ISA_USAGE = YES_ERROR;
				CLANG_WARN_DOCUMENTATION_COMMENTS = YES;
				CLANG_WARN_EMPTY_BODY = YES;
				CLANG_WARN_ENUM_CONVERSION = YES;
				CLANG_WARN_INFINITE_RECURSION = YES;
				CLANG_WARN_INT_CONVERSION = YES;
				CLANG_WARN_NON_LITERAL_NULL_CONVERSION = YES;
				CLANG_WARN_OBJC_IMPLICIT_RETAIN_SELF = YES;
				CLANG_WARN_OBJC_LITERAL_CONVERSION = YES;
				CLANG_WARN_OBJC_ROOT_CLASS = YES_ERROR;
				CLANG_WARN_QUOTED_INCLUDE_IN_FRAMEWORK_HEADER = YES;
				CLANG_WARN_RANGE_LOOP_ANALYSIS = YES;
				CLANG_WARN_STRICT_PROTOTYPES = YES;
				CLANG_WARN_SUSPICIOUS_MOVE = YES;
				CLANG_WARN_UNGUARDED_AVAILABILITY = YES_AGGRESSIVE;
				COPY_PHASE_STRIP = NO;
				ENABLE_STRICT_OBJC_MSGSEND = YES;
				GCC_C_LANGUAGE_STANDARD = gnu17;
				GCC_DYNAMIC_NO_PIC = NO;
				GCC_NO_COMMON_BLOCKS = YES;
				GCC_OPTIMIZATION_LEVEL = 0;
				GCC_PREPROCESSOR_DEFINITIONS = (
					"DEBUG=1",
					"$(inherited)",
				);
				GCC_WARN_64_TO_32_BIT_CONVERSION = YES;
				GCC_WARN_ABOUT_RETURN_TYPE = YES_ERROR;
				GCC_WARN_UNDECLARED_SELECTOR = YES;
				GCC_WARN_UNINITIALIZED_AUTOS = YES_AGGRESSIVE;
				GCC_WARN_UNUSED_FUNCTION = YES;
				GCC_WARN_UNUSED_VARIABLE = YES;
				MACOSX_DEPLOYMENT_TARGET = 15.0;
				SDKROOT = macosx;
				SWIFT_ACTIVE_COMPILATION_CONDITIONS = "DEBUG $(inherited)";
				SWIFT_OPTIMIZATION_LEVEL = "-Onone";
				SWIFT_VERSION = 5.0;
			};
			name = Debug;
		};
		AA0000000000000000000017 /* Release */ = {
			isa = XCBuildConfiguration;
			buildSettings = {
				CLANG_ANALYZER_NONNULL = YES;
				CLANG_ANALYZER_NUMBER_OBJECT_CONVERSION = YES_AGGRESSIVE;
				CLANG_CXX_LANGUAGE_STANDARD = "gnu++20";
				CLANG_ENABLE_MODULES = YES;
				CLANG_ENABLE_OBJC_ARC = YES;
				CLANG_WARN_BOOL_CONVERSION = YES;
				CLANG_WARN_CONSTANT_CONVERSION = YES;
				CLANG_WARN_DEPRECATED_OBJC_IMPLEMENTATIONS = YES;
				CLANG_WARN_DIRECT_OBJC_ISA_USAGE = YES_ERROR;
				CLANG_WARN_DOCUMENTATION_COMMENTS = YES;
				CLANG_WARN_EMPTY_BODY = YES;
				CLANG_WARN_ENUM_CONVERSION = YES;
				CLANG_WARN_INFINITE_RECURSION = YES;
				CLANG_WARN_INT_CONVERSION = YES;
				CLANG_WARN_NON_LITERAL_NULL_CONVERSION = YES;
				CLANG_WARN_OBJC_IMPLICIT_RETAIN_SELF = YES;
				CLANG_WARN_OBJC_LITERAL_CONVERSION = YES;
				CLANG_WARN_OBJC_ROOT_CLASS = YES_ERROR;
				CLANG_WARN_QUOTED_INCLUDE_IN_FRAMEWORK_HEADER = YES;
				CLANG_WARN_RANGE_LOOP_ANALYSIS = YES;
				CLANG_WARN_STRICT_PROTOTYPES = YES;
				CLANG_WARN_SUSPICIOUS_MOVE = YES;
				CLANG_WARN_UNGUARDED_AVAILABILITY = YES_AGGRESSIVE;
				COPY_PHASE_STRIP = NO;
				ENABLE_NS_ASSERTIONS = NO;
				ENABLE_STRICT_OBJC_MSGSEND = YES;
				GCC_C_LANGUAGE_STANDARD = gnu17;
				GCC_NO_COMMON_BLOCKS = YES;
				GCC_WARN_64_TO_32_BIT_CONVERSION = YES;
				GCC_WARN_ABOUT_RETURN_TYPE = YES_ERROR;
				GCC_WARN_UNDECLARED_SELECTOR = YES;
				GCC_WARN_UNINITIALIZED_AUTOS = YES_AGGRESSIVE;
				GCC_WARN_UNUSED_FUNCTION = YES;
				GCC_WARN_UNUSED_VARIABLE = YES;
				MACOSX_DEPLOYMENT_TARGET = 15.0;
				SDKROOT = macosx;
				SWIFT_COMPILATION_MODE = wholemodule;
				SWIFT_OPTIMIZATION_LEVEL = "-O";
				SWIFT_VERSION = 5.0;
			};
			name = Release;
		};
		AA0000000000000000000018 /* Debug */ = {
			isa = XCBuildConfiguration;
			buildSettings = {
				CODE_SIGN_ENTITLEMENTS = starfiler/starfiler.entitlements;
				CODE_SIGN_STYLE = Automatic;
				COMBINE_HIDPI_IMAGES = YES;
				CURRENT_PROJECT_VERSION = 1;
				GENERATE_INFOPLIST_FILE = NO;
				INFOPLIST_FILE = starfiler/App/Info.plist;
				LD_RUNPATH_SEARCH_PATHS = (
					"$(inherited)",
					"@executable_path/../Frameworks",
				);
				MACOSX_DEPLOYMENT_TARGET = 15.0;
				MARKETING_VERSION = 1.0;
				PRODUCT_BUNDLE_IDENTIFIER = com.nilone.starfiler;
				PRODUCT_NAME = "$(TARGET_NAME)";
				SDKROOT = macosx;
				SWIFT_EMIT_LOC_STRINGS = YES;
				SWIFT_VERSION = 5.0;
			};
			name = Debug;
		};
		AA0000000000000000000019 /* Release */ = {
			isa = XCBuildConfiguration;
			buildSettings = {
				CODE_SIGN_ENTITLEMENTS = starfiler/starfiler.entitlements;
				CODE_SIGN_STYLE = Automatic;
				COMBINE_HIDPI_IMAGES = YES;
				CURRENT_PROJECT_VERSION = 1;
				GENERATE_INFOPLIST_FILE = NO;
				INFOPLIST_FILE = starfiler/App/Info.plist;
				LD_RUNPATH_SEARCH_PATHS = (
					"$(inherited)",
					"@executable_path/../Frameworks",
				);
				MACOSX_DEPLOYMENT_TARGET = 15.0;
				MARKETING_VERSION = 1.0;
				PRODUCT_BUNDLE_IDENTIFIER = com.nilone.starfiler;
				PRODUCT_NAME = "$(TARGET_NAME)";
				SDKROOT = macosx;
				SWIFT_EMIT_LOC_STRINGS = YES;
				SWIFT_VERSION = 5.0;
			};
			name = Release;
		};
/* End XCBuildConfiguration section */

/* Begin XCConfigurationList section */
		AA0000000000000000000014 /* Build configuration list for PBXProject "starfiler" */ = {
			isa = XCConfigurationList;
			buildConfigurations = (
				AA0000000000000000000016 /* Debug */,
				AA0000000000000000000017 /* Release */,
			);
			defaultConfigurationIsVisible = 0;
			defaultConfigurationName = Release;
		};
		AA0000000000000000000015 /* Build configuration list for PBXNativeTarget "starfiler" */ = {
			isa = XCConfigurationList;
			buildConfigurations = (
				AA0000000000000000000018 /* Debug */,
				AA0000000000000000000019 /* Release */,
			);
			defaultConfigurationIsVisible = 0;
			defaultConfigurationName = Release;
		};
/* End XCConfigurationList section */
	};
	rootObject = AA0000000000000000000000 /* Project object */;
}
